
Microsoft Visual Studio Solution File, Format Version 12.00
# Visual Studio Version 17
VisualStudioVersion = 17.1.32421.90
MinimumVisualStudioVersion = 10.0.40219.1
Project("{2150E333-8FDC-42A3-9474-1A3956D46DE8}") = "0 - Presentation", "0 - Presentation", "{6A167BDC-94EA-407A-AC13-C7DEE328A703}"
EndProject
Project("{2150E333-8FDC-42A3-9474-1A3956D46DE8}") = "3 - Services", "3 - Services", "{108273B9-DF35-4307-B6B9-CBC9BE49CF3E}"
EndProject
Project("{2150E333-8FDC-42A3-9474-1A3956D46DE8}") = "2 - Application", "2 - Application", "{BCA26C72-2CAC-4198-BE9B-2E474FF36E04}"
EndProject
Project("{2150E333-8FDC-42A3-9474-1A3956D46DE8}") = "4 - Domain", "4 - Domain", "{424C7B81-569C-48FA-B85B-92D97BE6AE87}"
EndProject
Project("{2150E333-8FDC-42A3-9474-1A3956D46DE8}") = "5 - Infra", "5 - Infra", "{89438802-0905-4553-907F-8B5DAD09F90F}"
EndProject
Project("{9A19103F-16F7-4668-BE54-9A1E7A4F7556}") = "DotVida.Application", "DotVida.Application\DotVida.Application.csproj", "{EE8CF345-796E-449C-9CA1-C3CF44C5CA2E}"
EndProject
Project("{9A19103F-16F7-4668-BE54-9A1E7A4F7556}") = "DotVida.Domain", "DotVida.Domain\DotVida.Domain.csproj", "{2DCE97FA-0EBB-485F-8559-49989A26B98D}"
EndProject
Project("{2150E333-8FDC-42A3-9474-1A3956D46DE8}") = "5.1 - Data", "5.1 - Data", "{7EF56D5B-891A-4D3C-AF78-385E9B419438}"
EndProject
Project("{2150E333-8FDC-42A3-9474-1A3956D46DE8}") = "5.2 - CrossCutting", "5.2 - CrossCutting", "{9437A905-A029-49D0-A77C-7494D4504778}"
EndProject
Project("{9A19103F-16F7-4668-BE54-9A1E7A4F7556}") = "DotVida.Infra.Data", "DotVida.Infra.Data\DotVida.Infra.Data.csproj", "{99D4FB69-8C7A-4ADC-96C2-76F19FC67B32}"
EndProject
Project("{2150E333-8FDC-42A3-9474-1A3956D46DE8}") = "NewFolder1", "NewFolder1", "{52290206-DDCF-4290-9EC2-3F14D1DA6531}"
EndProject
Project("{2150E333-8FDC-42A3-9474-1A3956D46DE8}") = "1 - Api", "1 - Api", "{BBE16B79-24DB-414A-95C7-588958F6C5F9}"
EndProject
Project("{FAE04EC0-301F-11D3-BF4B-00C04F79EFBC}") = "DotVida.Api", "DotVida.Api\DotVida.Api.csproj", "{C89A8F4C-A9CF-4581-B97F-EBFE6225CB2C}"
EndProject
Global
	GlobalSection(SolutionConfigurationPlatforms) = preSolution
		Debug|Any CPU = Debug|Any CPU
		Release|Any CPU = Release|Any CPU
	EndGlobalSection
	GlobalSection(ProjectConfigurationPlatforms) = postSolution
		{EE8CF345-796E-449C-9CA1-C3CF44C5CA2E}.Debug|Any CPU.ActiveCfg = Debug|Any CPU
		{EE8CF345-796E-449C-9CA1-C3CF44C5CA2E}.Debug|Any CPU.Build.0 = Debug|Any CPU
		{EE8CF345-796E-449C-9CA1-C3CF44C5CA2E}.Release|Any CPU.ActiveCfg = Release|Any CPU
		{EE8CF345-796E-449C-9CA1-C3CF44C5CA2E}.Release|Any CPU.Build.0 = Release|Any CPU
		{2DCE97FA-0EBB-485F-8559-49989A26B98D}.Debug|Any CPU.ActiveCfg = Debug|Any CPU
		{2DCE97FA-0EBB-485F-8559-49989A26B98D}.Debug|Any CPU.Build.0 = Debug|Any CPU
		{2DCE97FA-0EBB-485F-8559-49989A26B98D}.Release|Any CPU.ActiveCfg = Release|Any CPU
		{2DCE97FA-0EBB-485F-8559-49989A26B98D}.Release|Any CPU.Build.0 = Release|Any CPU
		{99D4FB69-8C7A-4ADC-96C2-76F19FC67B32}.Debug|Any CPU.ActiveCfg = Debug|Any CPU
		{99D4FB69-8C7A-4ADC-96C2-76F19FC67B32}.Debug|Any CPU.Build.0 = Debug|Any CPU
		{99D4FB69-8C7A-4ADC-96C2-76F19FC67B32}.Release|Any CPU.ActiveCfg = Release|Any CPU
		{99D4FB69-8C7A-4ADC-96C2-76F19FC67B32}.Release|Any CPU.Build.0 = Release|Any CPU
		{C89A8F4C-A9CF-4581-B97F-EBFE6225CB2C}.Debug|Any CPU.ActiveCfg = Debug|Any CPU
		{C89A8F4C-A9CF-4581-B97F-EBFE6225CB2C}.Debug|Any CPU.Build.0 = Debug|Any CPU
		{C89A8F4C-A9CF-4581-B97F-EBFE6225CB2C}.Release|Any CPU.ActiveCfg = Release|Any CPU
		{C89A8F4C-A9CF-4581-B97F-EBFE6225CB2C}.Release|Any CPU.Build.0 = Release|Any CPU
	EndGlobalSection
	GlobalSection(SolutionProperties) = preSolution
		HideSolutionNode = FALSE
	EndGlobalSection
	GlobalSection(NestedProjects) = preSolution
		{EE8CF345-796E-449C-9CA1-C3CF44C5CA2E} = {BCA26C72-2CAC-4198-BE9B-2E474FF36E04}
		{2DCE97FA-0EBB-485F-8559-49989A26B98D} = {424C7B81-569C-48FA-B85B-92D97BE6AE87}
		{7EF56D5B-891A-4D3C-AF78-385E9B419438} = {89438802-0905-4553-907F-8B5DAD09F90F}
		{9437A905-A029-49D0-A77C-7494D4504778} = {89438802-0905-4553-907F-8B5DAD09F90F}
		{99D4FB69-8C7A-4ADC-96C2-76F19FC67B32} = {7EF56D5B-891A-4D3C-AF78-385E9B419438}
		{C89A8F4C-A9CF-4581-B97F-EBFE6225CB2C} = {BBE16B79-24DB-414A-95C7-588958F6C5F9}
	EndGlobalSection
	GlobalSection(ExtensibilityGlobals) = postSolution
		SolutionGuid = {B93E6720-CF05-41E7-AA72-4FDF0DCF6553}
	EndGlobalSection
EndGlobal
