
Microsoft Visual Studio Solution File, Format Version 12.00
# Visual Studio Version 17
VisualStudioVersion = 17.1.32421.90
MinimumVisualStudioVersion = 10.0.40219.1
Project("{2150E333-8FDC-42A3-9474-1A3956D46DE8}") = "0 - Presentation", "0 - Presentation", "{6A167BDC-94EA-407A-AC13-C7DEE328A703}"
	ProjectSection(SolutionItems) = preProject
		Angular .txt = Angular .txt
	EndProjectSection
EndProject
Project("{2150E333-8FDC-42A3-9474-1A3956D46DE8}") = "2 - Services", "2 - Services", "{108273B9-DF35-4307-B6B9-CBC9BE49CF3E}"
EndProject
Project("{2150E333-8FDC-42A3-9474-1A3956D46DE8}") = "1 - Application", "1 - Application", "{BCA26C72-2CAC-4198-BE9B-2E474FF36E04}"
EndProject
Project("{2150E333-8FDC-42A3-9474-1A3956D46DE8}") = "3 - Domain", "3 - Domain", "{424C7B81-569C-48FA-B85B-92D97BE6AE87}"
EndProject
Project("{2150E333-8FDC-42A3-9474-1A3956D46DE8}") = "4 - Infra", "4 - Infra", "{89438802-0905-4553-907F-8B5DAD09F90F}"
EndProject
Project("{9A19103F-16F7-4668-BE54-9A1E7A4F7556}") = "DotVida.Domain", "DotVida.Domain\DotVida.Domain.csproj", "{2DCE97FA-0EBB-485F-8559-49989A26B98D}"
EndProject
Project("{2150E333-8FDC-42A3-9474-1A3956D46DE8}") = "4.1 - Data", "4.1 - Data", "{7EF56D5B-891A-4D3C-AF78-385E9B419438}"
EndProject
Project("{2150E333-8FDC-42A3-9474-1A3956D46DE8}") = "4.2 - CrossCutting", "4.2 - CrossCutting", "{9437A905-A029-49D0-A77C-7494D4504778}"
EndProject
Project("{9A19103F-16F7-4668-BE54-9A1E7A4F7556}") = "DotVida.Infra.Data", "DotVida.Infra.Data\DotVida.Infra.Data.csproj", "{99D4FB69-8C7A-4ADC-96C2-76F19FC67B32}"
EndProject
Project("{2150E333-8FDC-42A3-9474-1A3956D46DE8}") = "1.1 - Api", "1.1 - Api", "{37FD2819-75A4-4B92-9488-5A57E467DAC6}"
EndProject
Project("{9A19103F-16F7-4668-BE54-9A1E7A4F7556}") = "DotVida.Api", "DotVida.Api\DotVida.Api.csproj", "{5332F692-7321-473F-9DA7-96B24C8B008D}"
EndProject
Project("{2150E333-8FDC-42A3-9474-1A3956D46DE8}") = "5 - Test", "5 - Test", "{D6506BF3-6AB9-4F9F-80BC-7C98C26F25EB}"
EndProject
Project("{9A19103F-16F7-4668-BE54-9A1E7A4F7556}") = "DotVida.Test", "DotVida.Test\DotVida.Test.csproj", "{AB973C2E-7FAF-463A-9E3E-7FBD035F2A6F}"
EndProject
Project("{2150E333-8FDC-42A3-9474-1A3956D46DE8}") = "1.2 - Application", "1.2 - Application", "{66D94DD9-AF2C-4180-B6DE-F0F7F1F3E35F}"
EndProject
Project("{9A19103F-16F7-4668-BE54-9A1E7A4F7556}") = "DotVida.Application", "DotVida.Application\DotVida.Application.csproj", "{0610C07E-B357-453C-B8B0-BC20D208EAD9}"
EndProject
Project("{9A19103F-16F7-4668-BE54-9A1E7A4F7556}") = "DotVida.Infra.CrossCutting", "DotVida.Infra.CrossCutting\DotVida.Infra.CrossCutting.csproj", "{11265CB7-44CE-49EA-80F9-9A5742A0401D}"
EndProject
Global
	GlobalSection(SolutionConfigurationPlatforms) = preSolution
		Debug|Any CPU = Debug|Any CPU
		Release|Any CPU = Release|Any CPU
	EndGlobalSection
	GlobalSection(ProjectConfigurationPlatforms) = postSolution
		{2DCE97FA-0EBB-485F-8559-49989A26B98D}.Debug|Any CPU.ActiveCfg = Debug|Any CPU
		{2DCE97FA-0EBB-485F-8559-49989A26B98D}.Debug|Any CPU.Build.0 = Debug|Any CPU
		{2DCE97FA-0EBB-485F-8559-49989A26B98D}.Release|Any CPU.ActiveCfg = Release|Any CPU
		{2DCE97FA-0EBB-485F-8559-49989A26B98D}.Release|Any CPU.Build.0 = Release|Any CPU
		{99D4FB69-8C7A-4ADC-96C2-76F19FC67B32}.Debug|Any CPU.ActiveCfg = Debug|Any CPU
		{99D4FB69-8C7A-4ADC-96C2-76F19FC67B32}.Debug|Any CPU.Build.0 = Debug|Any CPU
		{99D4FB69-8C7A-4ADC-96C2-76F19FC67B32}.Release|Any CPU.ActiveCfg = Release|Any CPU
		{99D4FB69-8C7A-4ADC-96C2-76F19FC67B32}.Release|Any CPU.Build.0 = Release|Any CPU
		{5332F692-7321-473F-9DA7-96B24C8B008D}.Debug|Any CPU.ActiveCfg = Debug|Any CPU
		{5332F692-7321-473F-9DA7-96B24C8B008D}.Debug|Any CPU.Build.0 = Debug|Any CPU
		{5332F692-7321-473F-9DA7-96B24C8B008D}.Release|Any CPU.ActiveCfg = Release|Any CPU
		{5332F692-7321-473F-9DA7-96B24C8B008D}.Release|Any CPU.Build.0 = Release|Any CPU
		{AB973C2E-7FAF-463A-9E3E-7FBD035F2A6F}.Debug|Any CPU.ActiveCfg = Debug|Any CPU
		{AB973C2E-7FAF-463A-9E3E-7FBD035F2A6F}.Debug|Any CPU.Build.0 = Debug|Any CPU
		{AB973C2E-7FAF-463A-9E3E-7FBD035F2A6F}.Release|Any CPU.ActiveCfg = Release|Any CPU
		{AB973C2E-7FAF-463A-9E3E-7FBD035F2A6F}.Release|Any CPU.Build.0 = Release|Any CPU
		{0610C07E-B357-453C-B8B0-BC20D208EAD9}.Debug|Any CPU.ActiveCfg = Debug|Any CPU
		{0610C07E-B357-453C-B8B0-BC20D208EAD9}.Debug|Any CPU.Build.0 = Debug|Any CPU
		{0610C07E-B357-453C-B8B0-BC20D208EAD9}.Release|Any CPU.ActiveCfg = Release|Any CPU
		{0610C07E-B357-453C-B8B0-BC20D208EAD9}.Release|Any CPU.Build.0 = Release|Any CPU
		{11265CB7-44CE-49EA-80F9-9A5742A0401D}.Debug|Any CPU.ActiveCfg = Debug|Any CPU
		{11265CB7-44CE-49EA-80F9-9A5742A0401D}.Debug|Any CPU.Build.0 = Debug|Any CPU
		{11265CB7-44CE-49EA-80F9-9A5742A0401D}.Release|Any CPU.ActiveCfg = Release|Any CPU
		{11265CB7-44CE-49EA-80F9-9A5742A0401D}.Release|Any CPU.Build.0 = Release|Any CPU
	EndGlobalSection
	GlobalSection(SolutionProperties) = preSolution
		HideSolutionNode = FALSE
	EndGlobalSection
	GlobalSection(NestedProjects) = preSolution
		{2DCE97FA-0EBB-485F-8559-49989A26B98D} = {424C7B81-569C-48FA-B85B-92D97BE6AE87}
		{7EF56D5B-891A-4D3C-AF78-385E9B419438} = {89438802-0905-4553-907F-8B5DAD09F90F}
		{9437A905-A029-49D0-A77C-7494D4504778} = {89438802-0905-4553-907F-8B5DAD09F90F}
		{99D4FB69-8C7A-4ADC-96C2-76F19FC67B32} = {7EF56D5B-891A-4D3C-AF78-385E9B419438}
		{37FD2819-75A4-4B92-9488-5A57E467DAC6} = {BCA26C72-2CAC-4198-BE9B-2E474FF36E04}
		{5332F692-7321-473F-9DA7-96B24C8B008D} = {37FD2819-75A4-4B92-9488-5A57E467DAC6}
		{AB973C2E-7FAF-463A-9E3E-7FBD035F2A6F} = {D6506BF3-6AB9-4F9F-80BC-7C98C26F25EB}
		{66D94DD9-AF2C-4180-B6DE-F0F7F1F3E35F} = {BCA26C72-2CAC-4198-BE9B-2E474FF36E04}
		{0610C07E-B357-453C-B8B0-BC20D208EAD9} = {66D94DD9-AF2C-4180-B6DE-F0F7F1F3E35F}
		{11265CB7-44CE-49EA-80F9-9A5742A0401D} = {9437A905-A029-49D0-A77C-7494D4504778}
	EndGlobalSection
	GlobalSection(ExtensibilityGlobals) = postSolution
		SolutionGuid = {B93E6720-CF05-41E7-AA72-4FDF0DCF6553}
	EndGlobalSection
EndGlobal
